
Microsoft Visual Studio Solution File, Format Version 12.00
# Visual Studio Version 17
VisualStudioVersion = 17.4.33213.308
MinimumVisualStudioVersion = 10.0.40219.1
Project("{FAE04EC0-301F-11D3-BF4B-00C04F79EFBC}") = "DatingApp.API", "DatingApp.API\DatingApp.API.csproj", "{A77499DA-97AF-4745-90D1-4A6349881460}"
	ProjectSection(ProjectDependencies) = postProject
		{05968D09-92AB-43A9-8396-419C8221024C} = {05968D09-92AB-43A9-8396-419C8221024C}
		{D6842C66-BBC0-4C64-90C8-3F2E2979B437} = {D6842C66-BBC0-4C64-90C8-3F2E2979B437}
		{F1196C0B-C978-41B5-929B-EC761F28901B} = {F1196C0B-C978-41B5-929B-EC761F28901B}
	EndProjectSection
EndProject
Project("{FAE04EC0-301F-11D3-BF4B-00C04F79EFBC}") = "DatingApp.Domain", "DatingApp.Domain\DatingApp.Domain.csproj", "{05968D09-92AB-43A9-8396-419C8221024C}"
EndProject
Project("{FAE04EC0-301F-11D3-BF4B-00C04F79EFBC}") = "DatingApp.DAL", "DatingApp.DAL\DatingApp.DAL.csproj", "{D6842C66-BBC0-4C64-90C8-3F2E2979B437}"
EndProject
Project("{FAE04EC0-301F-11D3-BF4B-00C04F79EFBC}") = "DatingApp.Services", "DatingApp.Services\DatingApp.Services.csproj", "{F1196C0B-C978-41B5-929B-EC761F28901B}"
	ProjectSection(ProjectDependencies) = postProject
		{D6842C66-BBC0-4C64-90C8-3F2E2979B437} = {D6842C66-BBC0-4C64-90C8-3F2E2979B437}
	EndProjectSection
EndProject
Global
	GlobalSection(SolutionConfigurationPlatforms) = preSolution
		Debug|Any CPU = Debug|Any CPU
		Release|Any CPU = Release|Any CPU
	EndGlobalSection
	GlobalSection(ProjectConfigurationPlatforms) = postSolution
		{A77499DA-97AF-4745-90D1-4A6349881460}.Debug|Any CPU.ActiveCfg = Debug|Any CPU
		{A77499DA-97AF-4745-90D1-4A6349881460}.Debug|Any CPU.Build.0 = Debug|Any CPU
		{A77499DA-97AF-4745-90D1-4A6349881460}.Release|Any CPU.ActiveCfg = Release|Any CPU
		{A77499DA-97AF-4745-90D1-4A6349881460}.Release|Any CPU.Build.0 = Release|Any CPU
		{05968D09-92AB-43A9-8396-419C8221024C}.Debug|Any CPU.ActiveCfg = Debug|Any CPU
		{05968D09-92AB-43A9-8396-419C8221024C}.Debug|Any CPU.Build.0 = Debug|Any CPU
		{05968D09-92AB-43A9-8396-419C8221024C}.Release|Any CPU.ActiveCfg = Release|Any CPU
		{05968D09-92AB-43A9-8396-419C8221024C}.Release|Any CPU.Build.0 = Release|Any CPU
		{D6842C66-BBC0-4C64-90C8-3F2E2979B437}.Debug|Any CPU.ActiveCfg = Debug|Any CPU
		{D6842C66-BBC0-4C64-90C8-3F2E2979B437}.Debug|Any CPU.Build.0 = Debug|Any CPU
		{D6842C66-BBC0-4C64-90C8-3F2E2979B437}.Release|Any CPU.ActiveCfg = Release|Any CPU
		{D6842C66-BBC0-4C64-90C8-3F2E2979B437}.Release|Any CPU.Build.0 = Release|Any CPU
		{F1196C0B-C978-41B5-929B-EC761F28901B}.Debug|Any CPU.ActiveCfg = Debug|Any CPU
		{F1196C0B-C978-41B5-929B-EC761F28901B}.Debug|Any CPU.Build.0 = Debug|Any CPU
		{F1196C0B-C978-41B5-929B-EC761F28901B}.Release|Any CPU.ActiveCfg = Release|Any CPU
		{F1196C0B-C978-41B5-929B-EC761F28901B}.Release|Any CPU.Build.0 = Release|Any CPU
	EndGlobalSection
	GlobalSection(SolutionProperties) = preSolution
		HideSolutionNode = FALSE
	EndGlobalSection
	GlobalSection(ExtensibilityGlobals) = postSolution
		SolutionGuid = {D2173838-4B00-4024-B9DE-3A1C555002E4}
	EndGlobalSection
EndGlobal
